
Microsoft Visual Studio Solution File, Format Version 12.00
# Visual Studio 15
VisualStudioVersion = 15.0.33423.255
MinimumVisualStudioVersion = 10.0.40219.1
Project("{FAE04EC0-301F-11D3-BF4B-00C04F79EFBC}") = "OQC_Check_App", "OQC_Check_App.csproj", "{98D0AF7D-B94E-462F-8E6A-39496EF3D9F6}"
EndProject
Global
	GlobalSection(SolutionConfigurationPlatforms) = preSolution
		Debug|Any CPU = Debug|Any CPU
		Release|Any CPU = Release|Any CPU
	EndGlobalSection
	GlobalSection(ProjectConfigurationPlatforms) = postSolution
		{98D0AF7D-B94E-462F-8E6A-39496EF3D9F6}.Debug|Any CPU.ActiveCfg = Debug|Any CPU
		{98D0AF7D-B94E-462F-8E6A-39496EF3D9F6}.Debug|Any CPU.Build.0 = Debug|Any CPU
		{98D0AF7D-B94E-462F-8E6A-39496EF3D9F6}.Release|Any CPU.ActiveCfg = Release|Any CPU
		{98D0AF7D-B94E-462F-8E6A-39496EF3D9F6}.Release|Any CPU.Build.0 = Release|Any CPU
	EndGlobalSection
	GlobalSection(SolutionProperties) = preSolution
		HideSolutionNode = FALSE
	EndGlobalSection
	GlobalSection(ExtensibilityGlobals) = postSolution
		SolutionGuid = {BE9D4565-041A-4B0E-B6FE-99E8C2428B1D}
	EndGlobalSection
EndGlobal
